// !$*UTF8*$!
{
	archiveVersion = 1;
	classes = {
	};
	objectVersion = 56;
	objects = {

/* Begin PBXBuildFile section */
		DE4ABB3529003F33005864C8 /* AppDelegate.swift in Sources */ = {isa = PBXBuildFile; fileRef = DE4ABB3429003F33005864C8 /* AppDelegate.swift */; };
		DE4ABB3729003F33005864C8 /* SceneDelegate.swift in Sources */ = {isa = PBXBuildFile; fileRef = DE4ABB3629003F33005864C8 /* SceneDelegate.swift */; };
		DE4ABB3C29003F34005864C8 /* Main.storyboard in Resources */ = {isa = PBXBuildFile; fileRef = DE4ABB3A29003F33005864C8 /* Main.storyboard */; };
		DE4ABB3E29003F3A005864C8 /* Assets.xcassets in Resources */ = {isa = PBXBuildFile; fileRef = DE4ABB3D29003F3A005864C8 /* Assets.xcassets */; };
		DE4ABB4129003F3A005864C8 /* LaunchScreen.storyboard in Resources */ = {isa = PBXBuildFile; fileRef = DE4ABB3F29003F3A005864C8 /* LaunchScreen.storyboard */; };
		DE4ABB492900439B005864C8 /* RSSTableViewController.swift in Sources */ = {isa = PBXBuildFile; fileRef = DE4ABB482900439B005864C8 /* RSSTableViewController.swift */; };
		DE4ABB4B29004587005864C8 /* RSSTableViewCell.swift in Sources */ = {isa = PBXBuildFile; fileRef = DE4ABB4A29004587005864C8 /* RSSTableViewCell.swift */; };
		DE4ABB4D2900461C005864C8 /* FeedParser.swift in Sources */ = {isa = PBXBuildFile; fileRef = DE4ABB4C2900461C005864C8 /* FeedParser.swift */; };
		DE9074192905641A00AFCD15 /* Kingfisher in Frameworks */ = {isa = PBXBuildFile; productRef = DE9074182905641A00AFCD15 /* Kingfisher */; };
		DE90741B290670AD00AFCD15 /* Defaults.swift in Sources */ = {isa = PBXBuildFile; fileRef = DE90741A290670AD00AFCD15 /* Defaults.swift */; };
		DE90741D2906717B00AFCD15 /* UserManager.swift in Sources */ = {isa = PBXBuildFile; fileRef = DE90741C2906717B00AFCD15 /* UserManager.swift */; };
		DE90741F290677C600AFCD15 /* String+Extensions.swift in Sources */ = {isa = PBXBuildFile; fileRef = DE90741E290677C600AFCD15 /* String+Extensions.swift */; };
/* End PBXBuildFile section */

/* Begin PBXFileReference section */
		DE4ABB3129003F33005864C8 /* ReallySimpleSyndicationApp.app */ = {isa = PBXFileReference; explicitFileType = wrapper.application; includeInIndex = 0; path = ReallySimpleSyndicationApp.app; sourceTree = BUILT_PRODUCTS_DIR; };
		DE4ABB3429003F33005864C8 /* AppDelegate.swift */ = {isa = PBXFileReference; lastKnownFileType = sourcecode.swift; path = AppDelegate.swift; sourceTree = "<group>"; };
		DE4ABB3629003F33005864C8 /* SceneDelegate.swift */ = {isa = PBXFileReference; lastKnownFileType = sourcecode.swift; path = SceneDelegate.swift; sourceTree = "<group>"; };
		DE4ABB3B29003F33005864C8 /* Base */ = {isa = PBXFileReference; lastKnownFileType = file.storyboard; name = Base; path = Base.lproj/Main.storyboard; sourceTree = "<group>"; };
		DE4ABB3D29003F3A005864C8 /* Assets.xcassets */ = {isa = PBXFileReference; lastKnownFileType = folder.assetcatalog; path = Assets.xcassets; sourceTree = "<group>"; };
		DE4ABB4029003F3A005864C8 /* Base */ = {isa = PBXFileReference; lastKnownFileType = file.storyboard; name = Base; path = Base.lproj/LaunchScreen.storyboard; sourceTree = "<group>"; };
		DE4ABB4229003F3A005864C8 /* Info.plist */ = {isa = PBXFileReference; lastKnownFileType = text.plist.xml; path = Info.plist; sourceTree = "<group>"; };
		DE4ABB482900439B005864C8 /* RSSTableViewController.swift */ = {isa = PBXFileReference; lastKnownFileType = sourcecode.swift; path = RSSTableViewController.swift; sourceTree = "<group>"; };
		DE4ABB4A29004587005864C8 /* RSSTableViewCell.swift */ = {isa = PBXFileReference; lastKnownFileType = sourcecode.swift; path = RSSTableViewCell.swift; sourceTree = "<group>"; };
		DE4ABB4C2900461C005864C8 /* FeedParser.swift */ = {isa = PBXFileReference; lastKnownFileType = sourcecode.swift; path = FeedParser.swift; sourceTree = "<group>"; };
		DE90741A290670AD00AFCD15 /* Defaults.swift */ = {isa = PBXFileReference; lastKnownFileType = sourcecode.swift; path = Defaults.swift; sourceTree = "<group>"; };
		DE90741C2906717B00AFCD15 /* UserManager.swift */ = {isa = PBXFileReference; lastKnownFileType = sourcecode.swift; path = UserManager.swift; sourceTree = "<group>"; };
		DE90741E290677C600AFCD15 /* String+Extensions.swift */ = {isa = PBXFileReference; lastKnownFileType = sourcecode.swift; path = "String+Extensions.swift"; sourceTree = "<group>"; };
/* End PBXFileReference section */

/* Begin PBXFrameworksBuildPhase section */
		DE4ABB2E29003F33005864C8 /* Frameworks */ = {
			isa = PBXFrameworksBuildPhase;
			buildActionMask = 2147483647;
			files = (
				DE9074192905641A00AFCD15 /* Kingfisher in Frameworks */,
			);
			runOnlyForDeploymentPostprocessing = 0;
		};
/* End PBXFrameworksBuildPhase section */

/* Begin PBXGroup section */
		DE4ABB2829003F33005864C8 = {
			isa = PBXGroup;
			children = (
				DE4ABB3329003F33005864C8 /* ReallySimpleSyndicationApp */,
				DE4ABB3229003F33005864C8 /* Products */,
			);
			sourceTree = "<group>";
		};
		DE4ABB3229003F33005864C8 /* Products */ = {
			isa = PBXGroup;
			children = (
				DE4ABB3129003F33005864C8 /* ReallySimpleSyndicationApp.app */,
			);
			name = Products;
			sourceTree = "<group>";
		};
		DE4ABB3329003F33005864C8 /* ReallySimpleSyndicationApp */ = {
			isa = PBXGroup;
			children = (
				DE4ABB482900439B005864C8 /* RSSTableViewController.swift */,
				DE4ABB4A29004587005864C8 /* RSSTableViewCell.swift */,
				DE907421290692B400AFCD15 /* Extensions */,
				DE9074202906928000AFCD15 /* Tools */,
				DE4ABB3429003F33005864C8 /* AppDelegate.swift */,
				DE4ABB3629003F33005864C8 /* SceneDelegate.swift */,
				DE4ABB3A29003F33005864C8 /* Main.storyboard */,
				DE4ABB3D29003F3A005864C8 /* Assets.xcassets */,
				DE4ABB3F29003F3A005864C8 /* LaunchScreen.storyboard */,
				DE4ABB4229003F3A005864C8 /* Info.plist */,
			);
			path = ReallySimpleSyndicationApp;
			sourceTree = "<group>";
		};
		DE9074202906928000AFCD15 /* Tools */ = {
			isa = PBXGroup;
			children = (
				DE90741A290670AD00AFCD15 /* Defaults.swift */,
				DE90741C2906717B00AFCD15 /* UserManager.swift */,
				DE4ABB4C2900461C005864C8 /* FeedParser.swift */,
			);
			path = Tools;
			sourceTree = "<group>";
		};
		DE907421290692B400AFCD15 /* Extensions */ = {
			isa = PBXGroup;
			children = (
				DE90741E290677C600AFCD15 /* String+Extensions.swift */,
			);
			path = Extensions;
			sourceTree = "<group>";
		};
/* End PBXGroup section */

/* Begin PBXNativeTarget section */
		DE4ABB3029003F33005864C8 /* ReallySimpleSyndicationApp */ = {
			isa = PBXNativeTarget;
			buildConfigurationList = DE4ABB4529003F3A005864C8 /* Build configuration list for PBXNativeTarget "ReallySimpleSyndicationApp" */;
			buildPhases = (
				DE4ABB2D29003F33005864C8 /* Sources */,
				DE4ABB2E29003F33005864C8 /* Frameworks */,
				DE4ABB2F29003F33005864C8 /* Resources */,
			);
			buildRules = (
			);
			dependencies = (
			);
			name = ReallySimpleSyndicationApp;
			packageProductDependencies = (
				DE9074182905641A00AFCD15 /* Kingfisher */,
			);
			productName = ReallySimpleSyndicationApp;
			productReference = DE4ABB3129003F33005864C8 /* ReallySimpleSyndicationApp.app */;
			productType = "com.apple.product-type.application";
		};
/* End PBXNativeTarget section */

/* Begin PBXProject section */
		DE4ABB2929003F33005864C8 /* Project object */ = {
			isa = PBXProject;
			attributes = {
				BuildIndependentTargetsInParallel = 1;
				LastSwiftUpdateCheck = 1400;
				LastUpgradeCheck = 1400;
				TargetAttributes = {
					DE4ABB3029003F33005864C8 = {
						CreatedOnToolsVersion = 14.0.1;
					};
				};
			};
			buildConfigurationList = DE4ABB2C29003F33005864C8 /* Build configuration list for PBXProject "ReallySimpleSyndicationApp" */;
			compatibilityVersion = "Xcode 14.0";
			developmentRegion = en;
			hasScannedForEncodings = 0;
			knownRegions = (
				en,
				Base,
			);
			mainGroup = DE4ABB2829003F33005864C8;
			packageReferences = (
				DE9074172905641A00AFCD15 /* XCRemoteSwiftPackageReference "Kingfisher" */,
			);
			productRefGroup = DE4ABB3229003F33005864C8 /* Products */;
			projectDirPath = "";
			projectRoot = "";
			targets = (
				DE4ABB3029003F33005864C8 /* ReallySimpleSyndicationApp */,
			);
		};
/* End PBXProject section */

/* Begin PBXResourcesBuildPhase section */
		DE4ABB2F29003F33005864C8 /* Resources */ = {
			isa = PBXResourcesBuildPhase;
			buildActionMask = 2147483647;
			files = (
				DE4ABB4129003F3A005864C8 /* LaunchScreen.storyboard in Resources */,
				DE4ABB3E29003F3A005864C8 /* Assets.xcassets in Resources */,
				DE4ABB3C29003F34005864C8 /* Main.storyboard in Resources */,
			);
			runOnlyForDeploymentPostprocessing = 0;
		};
/* End PBXResourcesBuildPhase section */

/* Begin PBXSourcesBuildPhase section */
		DE4ABB2D29003F33005864C8 /* Sources */ = {
			isa = PBXSourcesBuildPhase;
			buildActionMask = 2147483647;
			files = (
				DE4ABB492900439B005864C8 /* RSSTableViewController.swift in Sources */,
				DE4ABB4D2900461C005864C8 /* FeedParser.swift in Sources */,
				DE90741D2906717B00AFCD15 /* UserManager.swift in Sources */,
				DE4ABB4B29004587005864C8 /* RSSTableViewCell.swift in Sources */,
				DE90741F290677C600AFCD15 /* String+Extensions.swift in Sources */,
				DE90741B290670AD00AFCD15 /* Defaults.swift in Sources */,
				DE4ABB3529003F33005864C8 /* AppDelegate.swift in Sources */,
				DE4ABB3729003F33005864C8 /* SceneDelegate.swift in Sources */,
			);
			runOnlyForDeploymentPostprocessing = 0;
		};
/* End PBXSourcesBuildPhase section */

/* Begin PBXVariantGroup section */
		DE4ABB3A29003F33005864C8 /* Main.storyboard */ = {
			isa = PBXVariantGroup;
			children = (
				DE4ABB3B29003F33005864C8 /* Base */,
			);
			name = Main.storyboard;
			sourceTree = "<group>";
		};
		DE4ABB3F29003F3A005864C8 /* LaunchScreen.storyboard */ = {
			isa = PBXVariantGroup;
			children = (
				DE4ABB4029003F3A005864C8 /* Base */,
			);
			name = LaunchScreen.storyboard;
			sourceTree = "<group>";
		};
/* End PBXVariantGroup section */

/* Begin XCBuildConfiguration section */
		DE4ABB4329003F3A005864C8 /* Debug */ = {
			isa = XCBuildConfiguration;
			buildSettings = {
				ALWAYS_SEARCH_USER_PATHS = NO;
				CLANG_ANALYZER_NONNULL = YES;
				CLANG_ANALYZER_NUMBER_OBJECT_CONVERSION = YES_AGGRESSIVE;
				CLANG_CXX_LANGUAGE_STANDARD = "gnu++20";
				CLANG_ENABLE_MODULES = YES;
				CLANG_ENABLE_OBJC_ARC = YES;
				CLANG_ENABLE_OBJC_WEAK = YES;
				CLANG_WARN_BLOCK_CAPTURE_AUTORELEASING = YES;
				CLANG_WARN_BOOL_CONVERSION = YES;
				CLANG_WARN_COMMA = YES;
				CLANG_WARN_CONSTANT_CONVERSION = YES;
				CLANG_WARN_DEPRECATED_OBJC_IMPLEMENTATIONS = YES;
				CLANG_WARN_DIRECT_OBJC_ISA_USAGE = YES_ERROR;
				CLANG_WARN_DOCUMENTATION_COMMENTS = YES;
				CLANG_WARN_EMPTY_BODY = YES;
				CLANG_WARN_ENUM_CONVERSION = YES;
				CLANG_WARN_INFINITE_RECURSION = YES;
				CLANG_WARN_INT_CONVERSION = YES;
				CLANG_WARN_NON_LITERAL_NULL_CONVERSION = YES;
				CLANG_WARN_OBJC_IMPLICIT_RETAIN_SELF = YES;
				CLANG_WARN_OBJC_LITERAL_CONVERSION = YES;
				CLANG_WARN_OBJC_ROOT_CLASS = YES_ERROR;
				CLANG_WARN_QUOTED_INCLUDE_IN_FRAMEWORK_HEADER = YES;
				CLANG_WARN_RANGE_LOOP_ANALYSIS = YES;
				CLANG_WARN_STRICT_PROTOTYPES = YES;
				CLANG_WARN_SUSPICIOUS_MOVE = YES;
				CLANG_WARN_UNGUARDED_AVAILABILITY = YES_AGGRESSIVE;
				CLANG_WARN_UNREACHABLE_CODE = YES;
				CLANG_WARN__DUPLICATE_METHOD_MATCH = YES;
				COPY_PHASE_STRIP = NO;
				DEBUG_INFORMATION_FORMAT = dwarf;
				ENABLE_STRICT_OBJC_MSGSEND = YES;
				ENABLE_TESTABILITY = YES;
				GCC_C_LANGUAGE_STANDARD = gnu11;
				GCC_DYNAMIC_NO_PIC = NO;
				GCC_NO_COMMON_BLOCKS = YES;
				GCC_OPTIMIZATION_LEVEL = 0;
				GCC_PREPROCESSOR_DEFINITIONS = (
					"DEBUG=1",
					"$(inherited)",
				);
				GCC_WARN_64_TO_32_BIT_CONVERSION = YES;
				GCC_WARN_ABOUT_RETURN_TYPE = YES_ERROR;
				GCC_WARN_UNDECLARED_SELECTOR = YES;
				GCC_WARN_UNINITIALIZED_AUTOS = YES_AGGRESSIVE;
				GCC_WARN_UNUSED_FUNCTION = YES;
				GCC_WARN_UNUSED_VARIABLE = YES;
				IPHONEOS_DEPLOYMENT_TARGET = 16.0;
				MTL_ENABLE_DEBUG_INFO = INCLUDE_SOURCE;
				MTL_FAST_MATH = YES;
				ONLY_ACTIVE_ARCH = YES;
				SDKROOT = iphoneos;
				SWIFT_ACTIVE_COMPILATION_CONDITIONS = DEBUG;
				SWIFT_OPTIMIZATION_LEVEL = "-Onone";
			};
			name = Debug;
		};
		DE4ABB4429003F3A005864C8 /* Release */ = {
			isa = XCBuildConfiguration;
			buildSettings = {
				ALWAYS_SEARCH_USER_PATHS = NO;
				CLANG_ANALYZER_NONNULL = YES;
				CLANG_ANALYZER_NUMBER_OBJECT_CONVERSION = YES_AGGRESSIVE;
				CLANG_CXX_LANGUAGE_STANDARD = "gnu++20";
				CLANG_ENABLE_MODULES = YES;
				CLANG_ENABLE_OBJC_ARC = YES;
				CLANG_ENABLE_OBJC_WEAK = YES;
				CLANG_WARN_BLOCK_CAPTURE_AUTORELEASING = YES;
				CLANG_WARN_BOOL_CONVERSION = YES;
				CLANG_WARN_COMMA = YES;
				CLANG_WARN_CONSTANT_CONVERSION = YES;
				CLANG_WARN_DEPRECATED_OBJC_IMPLEMENTATIONS = YES;
				CLANG_WARN_DIRECT_OBJC_ISA_USAGE = YES_ERROR;
				CLANG_WARN_DOCUMENTATION_COMMENTS = YES;
				CLANG_WARN_EMPTY_BODY = YES;
				CLANG_WARN_ENUM_CONVERSION = YES;
				CLANG_WARN_INFINITE_RECURSION = YES;
				CLANG_WARN_INT_CONVERSION = YES;
				CLANG_WARN_NON_LITERAL_NULL_CONVERSION = YES;
				CLANG_WARN_OBJC_IMPLICIT_RETAIN_SELF = YES;
				CLANG_WARN_OBJC_LITERAL_CONVERSION = YES;
				CLANG_WARN_OBJC_ROOT_CLASS = YES_ERROR;
				CLANG_WARN_QUOTED_INCLUDE_IN_FRAMEWORK_HEADER = YES;
				CLANG_WARN_RANGE_LOOP_ANALYSIS = YES;
				CLANG_WARN_STRICT_PROTOTYPES = YES;
				CLANG_WARN_SUSPICIOUS_MOVE = YES;
				CLANG_WARN_UNGUARDED_AVAILABILITY = YES_AGGRESSIVE;
				CLANG_WARN_UNREACHABLE_CODE = YES;
				CLANG_WARN__DUPLICATE_METHOD_MATCH = YES;
				COPY_PHASE_STRIP = NO;
				DEBUG_INFORMATION_FORMAT = "dwarf-with-dsym";
				ENABLE_NS_ASSERTIONS = NO;
				ENABLE_STRICT_OBJC_MSGSEND = YES;
				GCC_C_LANGUAGE_STANDARD = gnu11;
				GCC_NO_COMMON_BLOCKS = YES;
				GCC_WARN_64_TO_32_BIT_CONVERSION = YES;
				GCC_WARN_ABOUT_RETURN_TYPE = YES_ERROR;
				GCC_WARN_UNDECLARED_SELECTOR = YES;
				GCC_WARN_UNINITIALIZED_AUTOS = YES_AGGRESSIVE;
				GCC_WARN_UNUSED_FUNCTION = YES;
				GCC_WARN_UNUSED_VARIABLE = YES;
				IPHONEOS_DEPLOYMENT_TARGET = 16.0;
				MTL_ENABLE_DEBUG_INFO = NO;
				MTL_FAST_MATH = YES;
				SDKROOT = iphoneos;
				SWIFT_COMPILATION_MODE = wholemodule;
				SWIFT_OPTIMIZATION_LEVEL = "-O";
				VALIDATE_PRODUCT = YES;
			};
			name = Release;
		};
		DE4ABB4629003F3A005864C8 /* Debug */ = {
			isa = XCBuildConfiguration;
			buildSettings = {
				ASSETCATALOG_COMPILER_APPICON_NAME = AppIcon;
				ASSETCATALOG_COMPILER_GLOBAL_ACCENT_COLOR_NAME = AccentColor;
				CODE_SIGN_STYLE = Automatic;
				CURRENT_PROJECT_VERSION = 1;
				DEVELOPMENT_TEAM = KX5APJYJLU;
				GENERATE_INFOPLIST_FILE = YES;
				INFOPLIST_FILE = ReallySimpleSyndicationApp/Info.plist;
				INFOPLIST_KEY_UIApplicationSupportsIndirectInputEvents = YES;
				INFOPLIST_KEY_UILaunchStoryboardName = LaunchScreen;
				INFOPLIST_KEY_UIMainStoryboardFile = Main;
				INFOPLIST_KEY_UISupportedInterfaceOrientations_iPad = "UIInterfaceOrientationPortrait UIInterfaceOrientationPortraitUpsideDown UIInterfaceOrientationLandscapeLeft UIInterfaceOrientationLandscapeRight";
				INFOPLIST_KEY_UISupportedInterfaceOrientations_iPhone = "UIInterfaceOrientationPortrait UIInterfaceOrientationLandscapeLeft UIInterfaceOrientationLandscapeRight";
				IPHONEOS_DEPLOYMENT_TARGET = 13.0;
				LD_RUNPATH_SEARCH_PATHS = (
					"$(inherited)",
					"@executable_path/Frameworks",
				);
				MARKETING_VERSION = 1.0;
				PRODUCT_BUNDLE_IDENTIFIER = com.ReallySimpleSyndicationApp;
				PRODUCT_NAME = "$(TARGET_NAME)";
				SUPPORTED_PLATFORMS = "iphoneos iphonesimulator";
				SUPPORTS_MACCATALYST = NO;
				SUPPORTS_MAC_DESIGNED_FOR_IPHONE_IPAD = NO;
				SWIFT_EMIT_LOC_STRINGS = YES;
				SWIFT_VERSION = 5.0;
				TARGETED_DEVICE_FAMILY = 1;
			};
			name = Debug;
		};
		DE4ABB4729003F3A005864C8 /* Release */ = {
			isa = XCBuildConfiguration;
			buildSettings = {
				ASSETCATALOG_COMPILER_APPICON_NAME = AppIcon;
				ASSETCATALOG_COMPILER_GLOBAL_ACCENT_COLOR_NAME = AccentColor;
				CODE_SIGN_STYLE = Automatic;
				CURRENT_PROJECT_VERSION = 1;
				DEVELOPMENT_TEAM = KX5APJYJLU;
				GENERATE_INFOPLIST_FILE = YES;
				INFOPLIST_FILE = ReallySimpleSyndicationApp/Info.plist;
				INFOPLIST_KEY_UIApplicationSupportsIndirectInputEvents = YES;
				INFOPLIST_KEY_UILaunchStoryboardName = LaunchScreen;
				INFOPLIST_KEY_UIMainStoryboardFile = Main;
				INFOPLIST_KEY_UISupportedInterfaceOrientations_iPad = "UIInterfaceOrientationPortrait UIInterfaceOrientationPortraitUpsideDown UIInterfaceOrientationLandscapeLeft UIInterfaceOrientationLandscapeRight";
				INFOPLIST_KEY_UISupportedInterfaceOrientations_iPhone = "UIInterfaceOrientationPortrait UIInterfaceOrientationLandscapeLeft UIInterfaceOrientationLandscapeRight";
				IPHONEOS_DEPLOYMENT_TARGET = 13.0;
				LD_RUNPATH_SEARCH_PATHS = (
					"$(inherited)",
					"@executable_path/Frameworks",
				);
				MARKETING_VERSION = 1.0;
				PRODUCT_BUNDLE_IDENTIFIER = com.ReallySimpleSyndicationApp;
				PRODUCT_NAME = "$(TARGET_NAME)";
				SUPPORTED_PLATFORMS = "iphoneos iphonesimulator";
				SUPPORTS_MACCATALYST = NO;
				SUPPORTS_MAC_DESIGNED_FOR_IPHONE_IPAD = NO;
				SWIFT_EMIT_LOC_STRINGS = YES;
				SWIFT_VERSION = 5.0;
				TARGETED_DEVICE_FAMILY = 1;
			};
			name = Release;
		};
/* End XCBuildConfiguration section */

/* Begin XCConfigurationList section */
		DE4ABB2C29003F33005864C8 /* Build configuration list for PBXProject "ReallySimpleSyndicationApp" */ = {
			isa = XCConfigurationList;
			buildConfigurations = (
				DE4ABB4329003F3A005864C8 /* Debug */,
				DE4ABB4429003F3A005864C8 /* Release */,
			);
			defaultConfigurationIsVisible = 0;
			defaultConfigurationName = Release;
		};
		DE4ABB4529003F3A005864C8 /* Build configuration list for PBXNativeTarget "ReallySimpleSyndicationApp" */ = {
			isa = XCConfigurationList;
			buildConfigurations = (
				DE4ABB4629003F3A005864C8 /* Debug */,
				DE4ABB4729003F3A005864C8 /* Release */,
			);
			defaultConfigurationIsVisible = 0;
			defaultConfigurationName = Release;
		};
/* End XCConfigurationList section */

/* Begin XCRemoteSwiftPackageReference section */
		DE9074172905641A00AFCD15 /* XCRemoteSwiftPackageReference "Kingfisher" */ = {
			isa = XCRemoteSwiftPackageReference;
			repositoryURL = "https://github.com/onevcat/Kingfisher.git";
			requirement = {
				kind = upToNextMajorVersion;
				minimumVersion = 7.0.0;
			};
		};
/* End XCRemoteSwiftPackageReference section */

/* Begin XCSwiftPackageProductDependency section */
		DE9074182905641A00AFCD15 /* Kingfisher */ = {
			isa = XCSwiftPackageProductDependency;
			package = DE9074172905641A00AFCD15 /* XCRemoteSwiftPackageReference "Kingfisher" */;
			productName = Kingfisher;
		};
/* End XCSwiftPackageProductDependency section */
	};
	rootObject = DE4ABB2929003F33005864C8 /* Project object */;
}
